
Microsoft Visual Studio Solution File, Format Version 12.00
# Visual Studio Version 17
VisualStudioVersion = 17.5.33516.290
MinimumVisualStudioVersion = 10.0.40219.1
Project("{FAE04EC0-301F-11D3-BF4B-00C04F79EFBC}") = "TechGlory", "TechGlory\TechGlory.csproj", "{6C2CAF1F-89B9-4964-90FC-82645A03FDBA}"
EndProject
Global
	GlobalSection(SolutionConfigurationPlatforms) = preSolution
		Debug|Any CPU = Debug|Any CPU
		Release|Any CPU = Release|Any CPU
	EndGlobalSection
	GlobalSection(ProjectConfigurationPlatforms) = postSolution
		{6C2CAF1F-89B9-4964-90FC-82645A03FDBA}.Debug|Any CPU.ActiveCfg = Debug|Any CPU
		{6C2CAF1F-89B9-4964-90FC-82645A03FDBA}.Debug|Any CPU.Build.0 = Debug|Any CPU
		{6C2CAF1F-89B9-4964-90FC-82645A03FDBA}.Release|Any CPU.ActiveCfg = Release|Any CPU
		{6C2CAF1F-89B9-4964-90FC-82645A03FDBA}.Release|Any CPU.Build.0 = Release|Any CPU
	EndGlobalSection
	GlobalSection(SolutionProperties) = preSolution
		HideSolutionNode = FALSE
	EndGlobalSection
	GlobalSection(ExtensibilityGlobals) = postSolution
		SolutionGuid = {BA90AE70-1D79-4375-9D8A-3D1461D52FE7}
	EndGlobalSection
EndGlobal
